<?xml version="1.0" encoding="UTF-8"?>
<Scheme
   version = "1.3">
   <BuildAction>
      <BuildActionEntries>
         <BuildActionEntry
            buildForRunning = "YES">
            <BuildableReference
               BuildableIdentifier = "primary"
               BlueprintIdentifier = "23001ECD20EB53F1007DA3F2"
               BuildableName = "TryRelativeLayoutInLinearLayout.app"
               BlueprintName = "TryRelativeLayoutInLinearLayout"
               ReferencedContainer = "container:TryRelativeLayoutInLinearLayout.xcodeproj">
            </BuildableReference>
         </BuildActionEntry>
      </BuildActionEntries>
   </BuildAction>
   <LaunchAction
      useCustomWorkingDirectory = "NO"
      buildConfiguration = "Debug"
      allowLocationSimulation = "YES">
      <BuildableProductRunnable>
         <BuildableReference
            BuildableIdentifier = "primary"
            BlueprintIdentifier = "23001ECD20EB53F1007DA3F2"
            BuildableName = "TryRelativeLayoutInLinearLayout.app"
            BlueprintName = "TryRelativeLayoutInLinearLayout"
            ReferencedContainer = "container:TryRelativeLayoutInLinearLayout.xcodeproj">
         </BuildableReference>
      </BuildableProductRunnable>
   </LaunchAction>
</Scheme>
